
Microsoft Visual Studio Solution File, Format Version 12.00
# Visual Studio Version 16
VisualStudioVersion = 16.0.29306.81
MinimumVisualStudioVersion = 10.0.40219.1
Project("{FAE04EC0-301F-11D3-BF4B-00C04F79EFBC}") = "Mitt-job-posting-portal", "Mitt-job-posting-portal\Mitt-job-posting-portal.csproj", "{56D196B6-F9D5-4371-9AA0-A401413169B2}"
EndProject
Global
	GlobalSection(SolutionConfigurationPlatforms) = preSolution
		Debug|Any CPU = Debug|Any CPU
		Release|Any CPU = Release|Any CPU
	EndGlobalSection
	GlobalSection(ProjectConfigurationPlatforms) = postSolution
		{56D196B6-F9D5-4371-9AA0-A401413169B2}.Debug|Any CPU.ActiveCfg = Debug|Any CPU
		{56D196B6-F9D5-4371-9AA0-A401413169B2}.Debug|Any CPU.Build.0 = Debug|Any CPU
		{56D196B6-F9D5-4371-9AA0-A401413169B2}.Release|Any CPU.ActiveCfg = Release|Any CPU
		{56D196B6-F9D5-4371-9AA0-A401413169B2}.Release|Any CPU.Build.0 = Release|Any CPU
	EndGlobalSection
	GlobalSection(SolutionProperties) = preSolution
		HideSolutionNode = FALSE
	EndGlobalSection
	GlobalSection(ExtensibilityGlobals) = postSolution
		SolutionGuid = {6921AA07-0D26-4A1F-AD14-654207C5F6E2}
	EndGlobalSection
EndGlobal
